
Microsoft Visual Studio Solution File, Format Version 12.00
# Visual Studio Version 17
VisualStudioVersion = 17.8.34525.116
MinimumVisualStudioVersion = 10.0.40219.1
Project("{9A19103F-16F7-4668-BE54-9A1E7A4F7556}") = "ProductStore", "WebApplication1\ProductStore.csproj", "{694503FE-F820-404F-9F48-CB14FE3FC718}"
EndProject
Global
	GlobalSection(SolutionConfigurationPlatforms) = preSolution
		Debug|Any CPU = Debug|Any CPU
		Release|Any CPU = Release|Any CPU
	EndGlobalSection
	GlobalSection(ProjectConfigurationPlatforms) = postSolution
		{694503FE-F820-404F-9F48-CB14FE3FC718}.Debug|Any CPU.ActiveCfg = Debug|Any CPU
		{694503FE-F820-404F-9F48-CB14FE3FC718}.Debug|Any CPU.Build.0 = Debug|Any CPU
		{694503FE-F820-404F-9F48-CB14FE3FC718}.Release|Any CPU.ActiveCfg = Release|Any CPU
		{694503FE-F820-404F-9F48-CB14FE3FC718}.Release|Any CPU.Build.0 = Release|Any CPU
	EndGlobalSection
	GlobalSection(SolutionProperties) = preSolution
		HideSolutionNode = FALSE
	EndGlobalSection
	GlobalSection(ExtensibilityGlobals) = postSolution
		SolutionGuid = {79C8BBF9-5BA6-4573-88D0-8A9523332FEB}
	EndGlobalSection
EndGlobal
